{
  "requires": true,
  "lockfileVersion": 1,
  "dependencies": {
    "calculator-jholkin": {
      "version": "0.0.1",
      "resolved": "https://registry.npmjs.org/calculator-jholkin/-/calculator-jholkin-0.0.1.tgz",
      "integrity": "sha512-V6TXBqBRFJlh4tRYFoNbSTOu97z3dqCsLSS85BXByPftzYLsb6DpSeuYB8Udsvo89N4treL2Szv4TuUu8SD4Aw=="
    }
  }
}
